# This file is automatically @generated by Cargo.
# It is not intended for manual editing.
version = 4

[[package]]
name = "basic"
version = "0.1.0"
dependencies = [
 "softcore-prelude",
]

[[package]]
name = "basic_alt"
version = "0.1.0"
dependencies = [
 "softcore-prelude",
]

[[package]]
name = "config"
version = "0.1.0"
dependencies = [
 "softcore-prelude",
]

[[package]]
name = "csr"
version = "0.1.0"
dependencies = [
 "softcore-prelude",
]

[[package]]
name = "decoder"
version = "0.1.0"
dependencies = [
 "softcore-prelude",
]

[[package]]
name = "hoisting"
version = "0.1.0"
dependencies = [
 "softcore-prelude",
]

[[package]]
name = "mret"
version = "0.1.0"
dependencies = [
 "softcore-prelude",
]

[[package]]
name = "optimization"
version = "0.1.0"
dependencies = [
 "softcore-prelude",
]

[[package]]
name = "softcore-prelude"
version = "0.4.0"

[[package]]
name = "softcore-rv64"
version = "0.4.1"
dependencies = [
 "softcore-prelude",
]

[[package]]
name = "trap"
version = "0.1.0"
dependencies = [
 "softcore-prelude",
]

[[package]]
name = "types"
version = "0.1.0"
dependencies = [
 "softcore-prelude",
]

[[package]]
name = "wfi"
version = "0.1.0"
dependencies = [
 "softcore-prelude",
]
